
Microsoft Visual Studio Solution File, Format Version 12.00
# Visual Studio Version 17
VisualStudioVersion = 17.1.32407.343
MinimumVisualStudioVersion = 10.0.40219.1
Project("{FAE04EC0-301F-11D3-BF4B-00C04F79EFBC}") = "PersonalFinanceApp", "PersonalFinanceApp\PersonalFinanceApp.csproj", "{5515FC34-EF61-4E2D-B08B-FF39CAA6586A}"
EndProject
Global
	GlobalSection(SolutionConfigurationPlatforms) = preSolution
		Debug|Any CPU = Debug|Any CPU
		Release|Any CPU = Release|Any CPU
	EndGlobalSection
	GlobalSection(ProjectConfigurationPlatforms) = postSolution
		{5515FC34-EF61-4E2D-B08B-FF39CAA6586A}.Debug|Any CPU.ActiveCfg = Debug|Any CPU
		{5515FC34-EF61-4E2D-B08B-FF39CAA6586A}.Debug|Any CPU.Build.0 = Debug|Any CPU
		{5515FC34-EF61-4E2D-B08B-FF39CAA6586A}.Release|Any CPU.ActiveCfg = Release|Any CPU
		{5515FC34-EF61-4E2D-B08B-FF39CAA6586A}.Release|Any CPU.Build.0 = Release|Any CPU
	EndGlobalSection
	GlobalSection(SolutionProperties) = preSolution
		HideSolutionNode = FALSE
	EndGlobalSection
	GlobalSection(ExtensibilityGlobals) = postSolution
		SolutionGuid = {E06ED524-2973-4768-9ED7-39FE48841B3A}
	EndGlobalSection
EndGlobal
